<?xml version="1.0" encoding="UTF-8"?>
<CONFIG>
  <ProjectOptions>
    <Version Value="11"/>
    <PathDelim Value="\"/>
    <General>
      <SessionStorage Value="InProjectDir"/>
      <MainUnit Value="0"/>
      <Title Value="PVK"/>
      <ResourceType Value="res"/>
      <UseXPManifest Value="True"/>
      <Icon Value="0"/>
    </General>
    <i18n>
      <EnableI18N LFM="False"/>
    </i18n>
    <BuildModes Count="1">
      <Item1 Name="Default" Default="True"/>
    </BuildModes>
    <PublishOptions>
      <Version Value="2"/>
    </PublishOptions>
    <RunParams>
      <FormatVersion Value="2"/>
      <Modes Count="1">
        <Mode0 Name="default"/>
      </Modes>
    </RunParams>
    <RequiredPackages Count="7">
      <Item1>
        <PackageName Value="richmemopackage"/>
      </Item1>
      <Item2>
        <PackageName Value="BGRAControlsFX"/>
      </Item2>
      <Item3>
        <PackageName Value="eccontrols"/>
      </Item3>
      <Item4>
        <PackageName Value="bgracontrols"/>
      </Item4>
      <Item5>
        <PackageName Value="BGRABitmapPack"/>
      </Item5>
      <Item6>
        <PackageName Value="indylaz"/>
      </Item6>
      <Item7>
        <PackageName Value="LCL"/>
      </Item7>
    </RequiredPackages>
    <Units Count="3">
      <Unit0>
        <Filename Value="Server.lpr"/>
        <IsPartOfProject Value="True"/>
        <UnitName Value="PVK"/>
      </Unit0>
      <Unit1>
        <Filename Value="MainUnit.pas"/>
        <IsPartOfProject Value="True"/>
        <ComponentName Value="ServerSideForm"/>
        <HasResources Value="True"/>
        <ResourceBaseClass Value="Form"/>
      </Unit1>
      <Unit2>
        <Filename Value="UtilsUnit.pas"/>
        <IsPartOfProject Value="True"/>
      </Unit2>
    </Units>
  </ProjectOptions>
  <CompilerOptions>
    <Version Value="11"/>
    <PathDelim Value="\"/>
    <Target>
      <Filename Value="PVK"/>
    </Target>
    <SearchPaths>
      <IncludeFiles Value="$(ProjOutDir)"/>
      <UnitOutputDirectory Value="lib\$(TargetCPU)-$(TargetOS)"/>
    </SearchPaths>
    <CodeGeneration>
      <Optimizations>
        <OptimizationLevel Value="2"/>
      </Optimizations>
    </CodeGeneration>
    <Linking>
      <Options>
        <Win32>
          <GraphicApplication Value="True"/>
        </Win32>
      </Options>
    </Linking>
  </CompilerOptions>
  <Debugging>
    <Exceptions Count="4">
      <Item1>
        <Name Value="EAbort"/>
      </Item1>
      <Item2>
        <Name Value="ECodetoolError"/>
      </Item2>
      <Item3>
        <Name Value="EFOpenError"/>
      </Item3>
      <Item4>
        <Name Value="EIdSocketError"/>
      </Item4>
    </Exceptions>
  </Debugging>
</CONFIG>
